Microsoft Visual Studio Solution File, Format Version 12.00
# Visual Studio 2013
VisualStudioVersion = 12.0.31101.0
MinimumVisualStudioVersion = 10.0.40219.1
Project("{8BC9CEB8-8B4A-11D0-8D11-00A0C91BC942}") = "UnitySample", "Unity3D\UnitySample.vcxproj", "{F6922147-C3F4-4B3E-998F-42AC5A1E0AF8}"
EndProject
Global
	GlobalSection(SolutionConfigurationPlatforms) = preSolution
		Debug|Win32 = Debug|Win32
		Debug|x64 = Debug|x64
		Debug|x86 = Debug|x86
		Release|Win32 = Release|Win32
		Release|x64 = Release|x64
		Release|x86 = Release|x86
	EndGlobalSection
	GlobalSection(ProjectConfigurationPlatforms) = postSolution
		{F6922147-C3F4-4B3E-998F-42AC5A1E0AF8}.Debug|Win32.ActiveCfg = Debug|Win32
		{F6922147-C3F4-4B3E-998F-42AC5A1E0AF8}.Debug|Win32.Build.0 = Debug|Win32
		{F6922147-C3F4-4B3E-998F-42AC5A1E0AF8}.Debug|x64.ActiveCfg = Debug|x64
		{F6922147-C3F4-4B3E-998F-42AC5A1E0AF8}.Debug|x64.Build.0 = Debug|x64
		{F6922147-C3F4-4B3E-998F-42AC5A1E0AF8}.Debug|x86.ActiveCfg = Debug|x64
		{F6922147-C3F4-4B3E-998F-42AC5A1E0AF8}.Release|Win32.ActiveCfg = Release|Win32
		{F6922147-C3F4-4B3E-998F-42AC5A1E0AF8}.Release|Win32.Build.0 = Release|Win32
		{F6922147-C3F4-4B3E-998F-42AC5A1E0AF8}.Release|x64.ActiveCfg = Release|x64
		{F6922147-C3F4-4B3E-998F-42AC5A1E0AF8}.Release|x64.Build.0 = Release|x64
		{F6922147-C3F4-4B3E-998F-42AC5A1E0AF8}.Release|x86.ActiveCfg = Release|x64
	EndGlobalSection
	GlobalSection(SolutionProperties) = preSolution
		HideSolutionNode = FALSE
	EndGlobalSection
EndGlobal
