<?xml version="1.0" encoding="utf-8"?>
<Project ToolsVersion="4.0" xmlns="http://schemas.microsoft.com/developer/msbuild/2003">
  <ItemGroup>
    <ClCompile Include="UnitySample.cpp" />
    <ClCompile Include="tinyxml\tinyxml.cpp">
      <Filter>third party\tinyxml</Filter>
    </ClCompile>
    <ClCompile Include="tinyxml\tinyxmlerror.cpp">
      <Filter>third party\tinyxml</Filter>
    </ClCompile>
    <ClCompile Include="tinyxml\tinyxmlparser.cpp">
      <Filter>third party\tinyxml</Filter>
    </ClCompile>
    <ClCompile Include="tinyxml\tinystr.cpp">
      <Filter>third party\tinyxml</Filter>
    </ClCompile>
  </ItemGroup>
  <ItemGroup>
    <ClInclude Include="tinyxml\tinyxml.h">
      <Filter>third party\tinyxml</Filter>
    </ClInclude>
    <ClInclude Include="tinyxml\tinystr.h">
      <Filter>third party\tinyxml</Filter>
    </ClInclude>
  </ItemGroup>
  <ItemGroup>
    <Filter Include="third party">
      <UniqueIdentifier>{6f013598-adb4-436d-8f87-b6a34ae8ca74}</UniqueIdentifier>
    </Filter>
    <Filter Include="third party\tinyxml">
      <UniqueIdentifier>{81eae732-859a-404e-b08f-1fb60d0a5f8f}</UniqueIdentifier>
    </Filter>
  </ItemGroup>
</Project>